{
    "_meta": {
        "hash": {
            "sha256": "e55b35b6c216af4eed8f9aca6469bc6ad445e2bc207488d66d470844d3d7aae4"
        },
        "pipfile-spec": 6,
        "requires": {
            "python_version": "3"
        },
        "sources": [
            {
                "name": "pypi",
                "url": "https://pypi.org/simple",
                "verify_ssl": true
            }
        ]
    },
    "default": {
        "beautifulsoup4": {
            "hashes": [
                "sha256:9a315ce70049920ea4572a4055bc4bd700c940521d36fc858205ad4fcde149bf",
                "sha256:c23ad23c521d818955a4151a67d81580319d4bf548d3d49f4223ae041ff98891"
            ],
            "index": "pypi",
            "version": "==4.10.0"
        },
        "bs4": {
            "hashes": [
                "sha256:36ecea1fd7cc5c0c6e4a1ff075df26d50da647b75376626cc186e2212886dd3a"
            ],
            "version": "==0.0.1"
        },
        "certifi": {
            "hashes": [
                "sha256:78884e7c1d4b00ce3cea67b44566851c4343c120abd683433ce934a68ea58872",
                "sha256:d62a0163eb4c2344ac042ab2bdf75399a71a2d8c7d47eac2e2ee91b9d6339569"
            ],
            "version": "==2021.10.8"
        },
        "chardet": {
            "hashes": [
                "sha256:0d6f53a15db4120f2b08c94f11e7d93d2c911ee118b6b30a04ec3ee8310179fa",
                "sha256:f864054d66fd9118f2e67044ac8981a54775ec5b67aed0441892edb553d21da5"
            ],
            "markers": "python_version >= '2.7' and python_version not in '3.0, 3.1, 3.2, 3.3, 3.4'",
            "version": "==4.0.0"
        },
        "charset-normalizer": {
            "hashes": [
                "sha256:735e240d9a8506778cd7a453d97e817e536bb1fc29f4f6961ce297b9c7a917b0",
                "sha256:83fcdeb225499d6344c8f7f34684c2981270beacc32ede2e669e94f7fa544405"
            ],
            "markers": "python_version >= '3'",
            "version": "==2.0.8"
        },
        "demoji": {
            "hashes": [
                "sha256:072efaeca725e6f63ab59d83abeb55b178842538ed9256455a82ebbd055ff216",
                "sha256:6d3256c909aea299e97fe984f827a2a060c2a8f8bfcbafa7ec9659967c5df50f"
            ],
            "index": "pypi",
            "version": "==1.1.0"
        },
        "dnspython": {
            "hashes": [
                "sha256:95d12f6ef0317118d2a1a6fc49aac65ffec7eb8087474158f42f26a639135216",
                "sha256:e4a87f0b573201a0f3727fa18a516b055fd1107e0e5477cded4a2de497df1dd4"
            ],
            "index": "pypi",
            "version": "==2.1.0"
        },
        "feedparser": {
            "hashes": [
                "sha256:1b7f57841d9cf85074deb316ed2c795091a238adb79846bc46dccdaf80f9c59a",
                "sha256:5ce0410a05ab248c8c7cfca3a0ea2203968ee9ff4486067379af4827a59f9661"
            ],
            "index": "pypi",
            "version": "==6.0.8"
        },
        "html-telegraph-poster": {
            "hashes": [
                "sha256:7592f2e8227dddcc016028fd697381c267f6b717a7a0c24a18e479aab49af90a",
                "sha256:86a9803ff602e946a13c11c1b82682cc2548483f6b59c5f21cc5a58486149faa"
            ],
            "index": "pypi",
            "version": "==0.4.0"
        },
        "idna": {
            "hashes": [
                "sha256:84d9dd047ffa80596e0f246e2eab0b391788b0503584e8945f2368256d2735ff",
                "sha256:9d643ff0a55b762d5cdb124b8eaa99c66322e2157b69160bc32796e824360e6d"
            ],
            "markers": "python_version >= '3'",
            "version": "==3.3"
        },
        "install": {
            "hashes": [
                "sha256:1455304a2475b6753a9b0c28243ca7d8b7d71aeea1a88e6de94034fc57d765a0",
                "sha256:dfec614e0cc90f00659067a078bc2ec032d9f0758f3df230c073eeaffd0cefa1"
            ],
            "index": "pypi",
            "version": "==1.3.4"
        },
        "jinja2": {
            "hashes": [
                "sha256:077ce6014f7b40d03b47d1f1ca4b0fc8328a692bd284016f806ed0eaca390ad8",
                "sha256:611bb273cd68f3b993fabdc4064fc858c5b47a973cb5aa7999ec1ba405c87cd7"
            ],
            "index": "pypi",
            "version": "==3.0.3"
        },
        "lxml": {
            "hashes": [
                "sha256:08eb9200d88b376a8ed5e50f1dc1d1a45b49305169674002a3b5929943390591",
                "sha256:0b12c95542f04d10cba46b3ff28ea52ea56995b78cf918f0b11b05e75812bb79",
                "sha256:0c15e1cd55055956e77b0732270f1c6005850696bc3ef3e03d01e78af84eaa42",
                "sha256:15d0381feb56f08f78c5cc4fc385ddfe0bde1456e37f54a9322833371aec4060",
                "sha256:197b7cb7a753cf553a45115739afd8458464a28913da00f5c525063f94cd3f48",
                "sha256:20d7c8d90d449c6a353b15ee0459abae8395dbe59ad01e406ccbf30cd81c6f98",
                "sha256:240db6f3228d26e3c6f4fad914b9ddaaf8707254e8b3efd564dc680c8ec3c264",
                "sha256:2901625f4a878a055d275beedc20ba9cb359cefc4386a967222fee29eb236038",
                "sha256:2b06a91cf7b8acea7793006e4ae50646cef0fe35ce5acd4f5cb1c77eb228e4a1",
                "sha256:2eb90f6ec3c236ef2f1bb38aee7c0d23e77d423d395af6326e7cca637519a4cb",
                "sha256:351482da8dd028834028537f08724b1de22d40dcf3bb723b469446564f409074",
                "sha256:35752ee40f7bbf6adc9ff4e1f4b84794a3593736dcce80db32e3c2aa85e294ac",
                "sha256:38b9de0de3aa689fe9fb9877ae1be1e83b8cf9621f7e62049d0436b9ecf4ad64",
                "sha256:433df8c7dde0f9e41cbf4f36b0829d50a378116ef5e962ba3881f2f5f025c7be",
                "sha256:4341d135f5660db10184963d9c3418c3e28d7f868aaf8b11a323ebf85813f7f4",
                "sha256:45fdb2899c755138722797161547a40b3e2a06feda620cc41195ee7e97806d81",
                "sha256:4717123f7c11c81e0da69989e5a64079c3f402b0efeb4c6241db6c369d657bd8",
                "sha256:47e955112ce64241fdb357acf0216081f9f3255b3ac9c502ca4b3323ec1ca558",
                "sha256:48eaac2991b3036175b42ee8d3c23f4cca13f2be8426bf29401a690ab58c88f4",
                "sha256:4aa349c5567651f34d4eaae7de6ed5b523f6d70a288f9c6fbac22d13a0784e04",
                "sha256:4ba74afe5ee5cb5e28d83b513a6e8f0875fda1dc1a9aea42cc0065f029160d2a",
                "sha256:4ec9a80dd5704ecfde54319b6964368daf02848c8954d3bacb9b64d1c7659159",
                "sha256:50790313df028aa05cf22be9a8da033b86c42fa32523e4fd944827b482b17bf0",
                "sha256:51a0e5d243687596f46e24e464121d4b232ad772e2d1785b2a2c0eb413c285d4",
                "sha256:523f195948a1ba4f9f5b7294d83c6cd876547dc741820750a7e5e893a24bbe38",
                "sha256:543b239b191bb3b6d9bef5f09f1fb2be5b7eb09ab4d386aa655e4d53fbe9ff47",
                "sha256:5ff5bb2a198ea67403bb6818705e9a4f90e0313f2215428ec51001ce56d939fb",
                "sha256:601f0ab75538b280aaf1e720eb9d68d4fa104ac274e1e9e6971df488f4dcdb0f",
                "sha256:6020c70ff695106bf80651953a23e37718ef1fee9abd060dcad8e32ab2dc13f3",
                "sha256:619c6d2b552bba00491e96c0518aad94002651c108a0f7364ff2d7798812c00e",
                "sha256:6298f5b42a26581206ef63fffa97c754245d329414108707c525512a5197f2ba",
                "sha256:662523cd2a0246740225c7e32531f2e766544122e58bee70e700a024cfc0cf81",
                "sha256:6764998345552b1dfc9326a932d2bad6367c6b37a176bb73ada6b9486bf602f7",
                "sha256:6d422b3c729737d8a39279a25fa156c983a56458f8b2f97661ee6fb22b80b1d6",
                "sha256:72e730d33fe2e302fd07285f14624fca5e5e2fb2bb4fb2c3941e318c41c443d1",
                "sha256:75d3c5bbc0ddbad03bb68b9be638599f67e4b98ed3dcd0fec9f6f39e41ee96cb",
                "sha256:7ae7089d81fc502df4b217ad77f03c54039fe90dac0acbe70448d7e53bfbc57e",
                "sha256:80d10d53d3184837445ff8562021bdd37f57c4cadacbf9d8726cc16220a00d54",
                "sha256:877666418598f6cb289546c77ff87590cfd212f903b522b0afa0b9fb73b3ccfb",
                "sha256:9b87727561c1150c0cc91c5d9d389448b37a7d15f0ba939ed3d1acb2f11bf6c5",
                "sha256:9c91a73971a922c13070fd8fa5a114c858251791ba2122a941e6aa781c713e44",
                "sha256:9db24803fa71e3305fe4a7812782b708da21a0b774b130dd1860cf40a6d7a3ee",
                "sha256:a75c1ad05eedb1a3ff2a34a52a4f0836cfaa892e12796ba39a7732c82701eff4",
                "sha256:a77a3470ba37e11872c75ca95baf9b3312133a3d5a5dc720803b23098c653976",
                "sha256:ab6db93a2b6b66cbf62b4e4a7135f476e708e8c5c990d186584142c77d7f975a",
                "sha256:afd60230ad9d8bcba005945ec3a343722f09e0b7f8ae804246e5d2cfc6bd71a6",
                "sha256:b0ca0ada9d3bc18bd6f611bd001a28abdd49ab9698bd6d717f7f5394c8e94628",
                "sha256:b567178a74a2261345890eac66fbf394692a6e002709d329f28a673ca6042473",
                "sha256:b667c51682fe9b9788c69465956baa8b6999531876ccedcafc895c74ad716cd8",
                "sha256:bbf2dc330bd44bfc0254ab37677ec60f7c7ecea55ad8ba1b8b2ea7bf20c265f5",
                "sha256:bdc224f216ead849e902151112efef6e96c41ee1322e15d4e5f7c8a826929aee",
                "sha256:cf201bf5594d1aab139fe53e3fca457e4f8204a5bbd65d48ab3b82a16f517868",
                "sha256:d43bd68714049c84e297c005456a15ecdec818f7b5aa5868c8b0a865cfb78a44",
                "sha256:daf9bd1fee31f1c7a5928b3e1059e09a8d683ea58fb3ffc773b6c88cb8d1399c",
                "sha256:e678a643177c0e5ec947b645fa7bc84260dfb9b6bf8fb1fdd83008dfc2ca5928",
                "sha256:e91d24623e747eeb2d8121f4a94c6a7ad27dc48e747e2dc95bfe88632bd028a2",
                "sha256:e95da348d57eb448d226a44b868ff2ca5786fbcbe417ac99ff62d0a7d724b9c7",
                "sha256:ee9e4b07b0eba4b6a521509e9e1877476729c1243246b6959de697ebea739643",
                "sha256:f5dd358536b8a964bf6bd48de038754c1609e72e5f17f5d21efe2dda17594dbf",
                "sha256:ffd65cfa33fed01735c82aca640fde4cc63f0414775cba11e06f84fae2085a6e"
            ],
            "markers": "python_version >= '2.7' and python_version not in '3.0, 3.1, 3.2, 3.3, 3.4'",
            "version": "==4.6.4"
        },
        "markupsafe": {
            "hashes": [
                "sha256:01a9b8ea66f1658938f65b93a85ebe8bc016e6769611be228d797c9d998dd298",
                "sha256:023cb26ec21ece8dc3907c0e8320058b2e0cb3c55cf9564da612bc325bed5e64",
                "sha256:0446679737af14f45767963a1a9ef7620189912317d095f2d9ffa183a4d25d2b",
                "sha256:04635854b943835a6ea959e948d19dcd311762c5c0c6e1f0e16ee57022669194",
                "sha256:0717a7390a68be14b8c793ba258e075c6f4ca819f15edfc2a3a027c823718567",
                "sha256:0955295dd5eec6cb6cc2fe1698f4c6d84af2e92de33fbcac4111913cd100a6ff",
                "sha256:0d4b31cc67ab36e3392bbf3862cfbadac3db12bdd8b02a2731f509ed5b829724",
                "sha256:10f82115e21dc0dfec9ab5c0223652f7197feb168c940f3ef61563fc2d6beb74",
                "sha256:168cd0a3642de83558a5153c8bd34f175a9a6e7f6dc6384b9655d2697312a646",
                "sha256:1d609f577dc6e1aa17d746f8bd3c31aa4d258f4070d61b2aa5c4166c1539de35",
                "sha256:1f2ade76b9903f39aa442b4aadd2177decb66525062db244b35d71d0ee8599b6",
                "sha256:20dca64a3ef2d6e4d5d615a3fd418ad3bde77a47ec8a23d984a12b5b4c74491a",
                "sha256:2a7d351cbd8cfeb19ca00de495e224dea7e7d919659c2841bbb7f420ad03e2d6",
                "sha256:2d7d807855b419fc2ed3e631034685db6079889a1f01d5d9dac950f764da3dad",
                "sha256:2ef54abee730b502252bcdf31b10dacb0a416229b72c18b19e24a4509f273d26",
                "sha256:36bc903cbb393720fad60fc28c10de6acf10dc6cc883f3e24ee4012371399a38",
                "sha256:37205cac2a79194e3750b0af2a5720d95f786a55ce7df90c3af697bfa100eaac",
                "sha256:3c112550557578c26af18a1ccc9e090bfe03832ae994343cfdacd287db6a6ae7",
                "sha256:3dd007d54ee88b46be476e293f48c85048603f5f516008bee124ddd891398ed6",
                "sha256:4296f2b1ce8c86a6aea78613c34bb1a672ea0e3de9c6ba08a960efe0b0a09047",
                "sha256:47ab1e7b91c098ab893b828deafa1203de86d0bc6ab587b160f78fe6c4011f75",
                "sha256:49e3ceeabbfb9d66c3aef5af3a60cc43b85c33df25ce03d0031a608b0a8b2e3f",
                "sha256:4dc8f9fb58f7364b63fd9f85013b780ef83c11857ae79f2feda41e270468dd9b",
                "sha256:4efca8f86c54b22348a5467704e3fec767b2db12fc39c6d963168ab1d3fc9135",
                "sha256:53edb4da6925ad13c07b6d26c2a852bd81e364f95301c66e930ab2aef5b5ddd8",
                "sha256:5855f8438a7d1d458206a2466bf82b0f104a3724bf96a1c781ab731e4201731a",
                "sha256:594c67807fb16238b30c44bdf74f36c02cdf22d1c8cda91ef8a0ed8dabf5620a",
                "sha256:5b6d930f030f8ed98e3e6c98ffa0652bdb82601e7a016ec2ab5d7ff23baa78d1",
                "sha256:5bb28c636d87e840583ee3adeb78172efc47c8b26127267f54a9c0ec251d41a9",
                "sha256:60bf42e36abfaf9aff1f50f52644b336d4f0a3fd6d8a60ca0d054ac9f713a864",
                "sha256:611d1ad9a4288cf3e3c16014564df047fe08410e628f89805e475368bd304914",
                "sha256:6300b8454aa6930a24b9618fbb54b5a68135092bc666f7b06901f897fa5c2fee",
                "sha256:63f3268ba69ace99cab4e3e3b5840b03340efed0948ab8f78d2fd87ee5442a4f",
                "sha256:6557b31b5e2c9ddf0de32a691f2312a32f77cd7681d8af66c2692efdbef84c18",
                "sha256:693ce3f9e70a6cf7d2fb9e6c9d8b204b6b39897a2c4a1aa65728d5ac97dcc1d8",
                "sha256:6a7fae0dd14cf60ad5ff42baa2e95727c3d81ded453457771d02b7d2b3f9c0c2",
                "sha256:6c4ca60fa24e85fe25b912b01e62cb969d69a23a5d5867682dd3e80b5b02581d",
                "sha256:6fcf051089389abe060c9cd7caa212c707e58153afa2c649f00346ce6d260f1b",
                "sha256:7d91275b0245b1da4d4cfa07e0faedd5b0812efc15b702576d103293e252af1b",
                "sha256:89c687013cb1cd489a0f0ac24febe8c7a666e6e221b783e53ac50ebf68e45d86",
                "sha256:8d206346619592c6200148b01a2142798c989edcb9c896f9ac9722a99d4e77e6",
                "sha256:905fec760bd2fa1388bb5b489ee8ee5f7291d692638ea5f67982d968366bef9f",
                "sha256:97383d78eb34da7e1fa37dd273c20ad4320929af65d156e35a5e2d89566d9dfb",
                "sha256:984d76483eb32f1bcb536dc27e4ad56bba4baa70be32fa87152832cdd9db0833",
                "sha256:99df47edb6bda1249d3e80fdabb1dab8c08ef3975f69aed437cb69d0a5de1e28",
                "sha256:9f02365d4e99430a12647f09b6cc8bab61a6564363f313126f775eb4f6ef798e",
                "sha256:a30e67a65b53ea0a5e62fe23682cfe22712e01f453b95233b25502f7c61cb415",
                "sha256:ab3ef638ace319fa26553db0624c4699e31a28bb2a835c5faca8f8acf6a5a902",
                "sha256:aca6377c0cb8a8253e493c6b451565ac77e98c2951c45f913e0b52facdcff83f",
                "sha256:add36cb2dbb8b736611303cd3bfcee00afd96471b09cda130da3581cbdc56a6d",
                "sha256:b2f4bf27480f5e5e8ce285a8c8fd176c0b03e93dcc6646477d4630e83440c6a9",
                "sha256:b7f2d075102dc8c794cbde1947378051c4e5180d52d276987b8d28a3bd58c17d",
                "sha256:baa1a4e8f868845af802979fcdbf0bb11f94f1cb7ced4c4b8a351bb60d108145",
                "sha256:be98f628055368795d818ebf93da628541e10b75b41c559fdf36d104c5787066",
                "sha256:bf5d821ffabf0ef3533c39c518f3357b171a1651c1ff6827325e4489b0e46c3c",
                "sha256:c47adbc92fc1bb2b3274c4b3a43ae0e4573d9fbff4f54cd484555edbf030baf1",
                "sha256:cdfba22ea2f0029c9261a4bd07e830a8da012291fbe44dc794e488b6c9bb353a",
                "sha256:d6c7ebd4e944c85e2c3421e612a7057a2f48d478d79e61800d81468a8d842207",
                "sha256:d7f9850398e85aba693bb640262d3611788b1f29a79f0c93c565694658f4071f",
                "sha256:d8446c54dc28c01e5a2dbac5a25f071f6653e6e40f3a8818e8b45d790fe6ef53",
                "sha256:deb993cacb280823246a026e3b2d81c493c53de6acfd5e6bfe31ab3402bb37dd",
                "sha256:e0f138900af21926a02425cf736db95be9f4af72ba1bb21453432a07f6082134",
                "sha256:e9936f0b261d4df76ad22f8fee3ae83b60d7c3e871292cd42f40b81b70afae85",
                "sha256:f0567c4dc99f264f49fe27da5f735f414c4e7e7dd850cfd8e69f0862d7c74ea9",
                "sha256:f5653a225f31e113b152e56f154ccbe59eeb1c7487b39b9d9f9cdb58e6c79dc5",
                "sha256:f826e31d18b516f653fe296d967d700fddad5901ae07c622bb3705955e1faa94",
                "sha256:f8ba0e8349a38d3001fae7eadded3f6606f0da5d748ee53cc1dab1d6527b9509",
                "sha256:f9081981fe268bd86831e5c75f7de206ef275defcb82bc70740ae6dc507aee51",
                "sha256:fa130dd50c57d53368c9d59395cb5526eda596d3ffe36666cd81a44d56e48872"
            ],
            "markers": "python_version >= '3.6'",
            "version": "==2.0.1"
        },
        "morss": {
            "editable": true,
            "git": "https://github.com/pictuga/morss",
            "ref": "f9d7794bcca38ebfa9b04042ab9259efb694a377"
        },
        "pymongo": {
            "hashes": [
                "sha256:079ccc5650003a35bdaf5e9de28af287ef58cf589588530f63c7a8efdabbc0d9",
                "sha256:12a292d4d5d369e36cecf88d617d5dcb6529e2639d69ec61187fd625481bfe2a",
                "sha256:12ba7b97d22f99907f38e3da34ec255337f1a7417166723395d8aea8e72fd25a",
                "sha256:1aa08a23c909a8322f363d786eacb0f2b55ba200564dd0ab07fc6f410566e8e6",
                "sha256:1acc9adf62ba9fb6cf8cb372a2b3e48e7df187dacdc28a132f604497d5befe84",
                "sha256:1bda860cd9d5ea4eeb53f845686ed621d2c0c29243d6a2c779abf2d3c134cec8",
                "sha256:216d8f01e5fd5be183477b00b6bc7ca40199b325c28068684d8ea47c5eed66a8",
                "sha256:21ae2545ee5d305ad0ced705df7e6996706d1af8ac5ffb498ad49c29218377d5",
                "sha256:25ce114469951b6dbff18440c752e430a2ae56ffffe08c7580d4b9d3d0ab9be6",
                "sha256:27191394035cc12a5ecc0f412a6115e2a1cabf012b556717fb02ec6b3c227b24",
                "sha256:320768a41bc4d5455dcf6ff9bf56075fc1b5c1ff866df4d8f0e4c01756403b78",
                "sha256:3492b17cec867f769ac53277a5416f2e8e9b73ab0aac46c7b5dd6ad73dbd337b",
                "sha256:405e22eac37588d1a444acf3a811848f8adee06ee3907434518e96f2b420dd07",
                "sha256:40f819ca65053ea76ceb1c2ae6767f8b1e29c55eb701e690ba8f476b49eb72b0",
                "sha256:41ce9e1f4f5383a6d42fe36da2fe698ea88cd1b87f1d35d53a1987e6d0e94e87",
                "sha256:437191af89005a5c796c2a46fb62916acdf317eb56bbd27de355712cb873d50c",
                "sha256:44739efada6099dfc9a035b176053b8926eef2455d6ae7485b0ff6d41c65355e",
                "sha256:476b1dac1ef6e703d9d261d86f4d8f4f3d4f6a6d673a5eb1cd65ba66aa86ea2e",
                "sha256:48e2234861e0a8461e29b9b5506cb6d0b171272856ac3f1fe15abdf98d23d142",
                "sha256:49ac9406546db0493afc0d4ad16e6ac582be2cb78207b2a9c3041cab6b1c8459",
                "sha256:4aaf7e50fcba709b6c3370cedb6b9ff42300317593e3592c5d4798ef0dd3a386",
                "sha256:5426102eaaaf9665dae0eda84aacf8b06fc484e67b0775b50915bf737cca3ba3",
                "sha256:5473605b0e78df45faa313020209e13127ed975dd563f0b0c5dd689ced99534a",
                "sha256:591f182f9537c608f41484a14a2a24c25030c4fe96bc02e276d09ceb89207f87",
                "sha256:5a3f892b66913b8329ef132e2c9f425afb540621f6c8914aa7f2407ebaea90d2",
                "sha256:5b9f3238d5481e60984d85409a8fa67284f268826491d3a609d1dba8c8a36035",
                "sha256:5bc7fa3dba2c10246d646801d765d6ce08174e55c3dee03e4061a3c6528b575f",
                "sha256:5cabe3efc64806adc7d3b3090d52eb3b13c0875f5c467d3578820c2e62d80368",
                "sha256:5e10d3aacc3838637530f2c45a70815c99aae613486116438152bd0e3f3f5796",
                "sha256:645ac39d7455751cabb1694e5a7d427b35292e98b06df71e7ec1e3cf02ae8753",
                "sha256:67963dad4a46fb3137bc3195cc302cc115ddd956edb1ef6849d29b6af6645a18",
                "sha256:6b54be4658c203f03be1826bb82bccd1e7da251b538dadc091694e6d1cc6e319",
                "sha256:6d158eadba3aaab276a3b188b7f467ab0384b68c1d31cfa87335e52addd9dcb6",
                "sha256:740219c386b1d17fa09006d707f9ed256ad0ba2fcd150ec881f847bb9ea2e74e",
                "sha256:7630f426267fc1cc9a1ff6886725af64a64ca7651841752b0c7d3a833dd3fd6a",
                "sha256:79bd06d8e1b3723bdba9978f968e38133223913d04782786a2d2b17b486f0e97",
                "sha256:7f4b193b6e59bf0cd39dfd0f15356c1c33d90cdc260609c1bc67e06a0c086538",
                "sha256:7f9a2ebe31296632ea2138816a77204755b2f5a73e1d1dd79d318e456b19325b",
                "sha256:875ae1779d9a19d26a9c91b17e0c33aa292925fab800934756325a77c8dfa4ee",
                "sha256:8c1f016b54971a9b28f0c4a284690df6ff090e9538101c23a3fabd1ea4b38f5d",
                "sha256:8c7dcaa2ac718dc9815ab63bef1b27d6527907767c4a2e5e52534950385f8abd",
                "sha256:8d7c427b27467dbad42eafaee15be71a0d61d7052928384eaaef0bbff2224fbc",
                "sha256:904c0b3e2d3d692048ebdda7b3abb0e3d473f86bbfb327fa13bbb79f9653e9b4",
                "sha256:913380d5ebad5f20e03132aff50e2836a5559d8a37a3ed83fb0e946819809671",
                "sha256:98c56353bfd6525f8aee9c4e7764184309d9f89afa6592ae90537a73ab05203f",
                "sha256:9d19d703ed037eacba2526fcbda4fd4ead4f1cc47c9a0e16314188a617ff0847",
                "sha256:a08894de674411d269067e9dc6a97c7c5dbcaa052853e3348b79c5227325cd01",
                "sha256:a0d3b18d3d4872c0d9173abb1e2b5488801479cafe0af77e8ac65f05471fa51f",
                "sha256:a258893fdd9d7f03df956cc68c764b62e009881da6abff2efd21b82a754dcfa5",
                "sha256:a513669ccd392f454f332145a4c8dafe5427230c00c728b04ce7d7d75979f7d3",
                "sha256:ab296199d733d71dd6db040acfc05d2d5e8487c0bfc4993cc1be0b89da706839",
                "sha256:acf39affbd87a34f5b1762f90291c1aeff4d563e436b0a022ee6ff51c0030142",
                "sha256:ae90c98310e36007aca309b4d7cffa66210709684544cff63dd82e146149d599",
                "sha256:b25abf8b3dc6dbeb196892148c5749494379ff7ecb2d4174afe1ef90df9d6ec2",
                "sha256:b44fac7263f5b50bc49341c97799d3dc5058fc301af3e9d2d68785e8dd36af01",
                "sha256:b532cea43cb230d8b3c152b4d210e5a6c86e6d3af6c58814684da6d3ee7124b8",
                "sha256:b715059733276c25b7b1158a3a1f7abd62c69658e40f9f6a6ad73e3b2c0430b7",
                "sha256:b7256fa9e4be59683b0c739c8d83379a1be1d33f6c41bd380585ac77e4af4277",
                "sha256:b748c1028b5be7bd91e191d7a36beebbbd55efcd3390171bd90a55406e8f1689",
                "sha256:b994399f07e5b988c66b9536270a6bd7c3a8427dfdcf7ab61ec37c974edf4b17",
                "sha256:bd88a468322d8f46b9c01ac68a546639fa52b55f560719c357ab9b3a08bfedab",
                "sha256:c23cbad76e38a639d15293f88090105c7bb3be9246f8760246aa76513122329c",
                "sha256:c272feeda5df8c7b535c631c97d53c2af51f020f8c87945bb52e0f455eebbc27",
                "sha256:c6090804a448d84d68864ae469fecbf7e9a58492c4fccb3a9fcfda54ef36332f",
                "sha256:c83bc8099210255cd4106abf216fd7161f237cc0e280458c0ac33fdccc2334fd",
                "sha256:cb4b250e9d1ca14d971e8b5f16b935a68502905a26161e4f815a46f1cf969874",
                "sha256:cbab4fa54af28397be987b33b8af67b1d8bbaa9e45411d0b56f76c540ec5a43c",
                "sha256:cf5b825ce34c1f5afca28eea7453282b7eda180fdda0a20d3156f1704ad055dc",
                "sha256:d2cd0a603a38fc6dcbf066569ac458e1d2b4ad97c4491634993cb0d62394a293",
                "sha256:d5d34bfef25bffc9e7e61c023d72d7c98198e26bf0fbd93e6e2537a12ec76174",
                "sha256:db9bd17e1ad0e0306ca1eecd1928387f3318b650aa2fa01233c203687e353f72",
                "sha256:e06ccac45cf88f5b26015b2ba44899f2105604bededf7dc5c6a9aa2b8010d7ac",
                "sha256:e46d77ca3585fd34ab8c9d78d3642fd71a9b3a8fdb38ca8b53562a5ebf90daa7",
                "sha256:e696e0b9fcdfb46f40d9f5827363d96bed423dbb033c590ba80d92ff9290fee4",
                "sha256:e859562f42008de8e343015040a1905af5fd5db2be04c03cf1cd1f082ea2b094",
                "sha256:ed87e97929c2b4e786c85eb210975bb2ed7d85b353e0a182d816806b05a03a9d",
                "sha256:eea7bd8d5e5ff9e3ebdca394a806b65b4daae2e1e21e9626a377a9f547b1931f",
                "sha256:efcc913131d638ed8f2ff5e028a72423215a8a7fa610c5b2ac643f476e82fce5",
                "sha256:f95d5643cf40eda159efffeb6f6709044ba403cea8817f9f288dd83907e865d9",
                "sha256:f9c9c067510b82fb123fa99f45264c54041380bba81be28315df0fcf1547153d",
                "sha256:f9e2903221062c9cd9c593a3d840f87956e11615a12fbdf848604a5d4ba0e75f",
                "sha256:fccc202c5e8888d4761527e13e68da3740b7f2f07cf157affc60cb161cc791a7",
                "sha256:fd590ce5c8f3fea1d9a0d33dd08076c8adf1e0fb90fc81788863c085a8e00f55"
            ],
            "index": "pypi",
            "version": "==4.0"
        },
        "pymysql": {
            "hashes": [
                "sha256:41fc3a0c5013d5f039639442321185532e3e2c8924687abe6537de157d403641",
                "sha256:816927a350f38d56072aeca5dfb10221fe1dc653745853d30a216637f5d7ad36"
            ],
            "markers": "python_version >= '3.6'",
            "version": "==1.0.2"
        },
        "python-dateutil": {
            "hashes": [
                "sha256:0123cacc1627ae19ddf3c27a5de5bd67ee4586fbdd6440d9748f8abb483d3e86",
                "sha256:961d03dc3453ebbc59dbdea9e4e11c5651520a876d0f4db161e8674aae935da9"
            ],
            "markers": "python_version >= '2.7' and python_version not in '3.0, 3.1, 3.2, 3.3'",
            "version": "==2.8.2"
        },
        "pyyaml": {
            "hashes": [
                "sha256:0283c35a6a9fbf047493e3a0ce8d79ef5030852c51e9d911a27badfde0605293",
                "sha256:055d937d65826939cb044fc8c9b08889e8c743fdc6a32b33e2390f66013e449b",
                "sha256:07751360502caac1c067a8132d150cf3d61339af5691fe9e87803040dbc5db57",
                "sha256:0b4624f379dab24d3725ffde76559cff63d9ec94e1736b556dacdfebe5ab6d4b",
                "sha256:0ce82d761c532fe4ec3f87fc45688bdd3a4c1dc5e0b4a19814b9009a29baefd4",
                "sha256:1e4747bc279b4f613a09eb64bba2ba602d8a6664c6ce6396a4d0cd413a50ce07",
                "sha256:213c60cd50106436cc818accf5baa1aba61c0189ff610f64f4a3e8c6726218ba",
                "sha256:231710d57adfd809ef5d34183b8ed1eeae3f76459c18fb4a0b373ad56bedcdd9",
                "sha256:277a0ef2981ca40581a47093e9e2d13b3f1fbbeffae064c1d21bfceba2030287",
                "sha256:2cd5df3de48857ed0544b34e2d40e9fac445930039f3cfe4bcc592a1f836d513",
                "sha256:40527857252b61eacd1d9af500c3337ba8deb8fc298940291486c465c8b46ec0",
                "sha256:473f9edb243cb1935ab5a084eb238d842fb8f404ed2193a915d1784b5a6b5fc0",
                "sha256:48c346915c114f5fdb3ead70312bd042a953a8ce5c7106d5bfb1a5254e47da92",
                "sha256:50602afada6d6cbfad699b0c7bb50d5ccffa7e46a3d738092afddc1f9758427f",
                "sha256:68fb519c14306fec9720a2a5b45bc9f0c8d1b9c72adf45c37baedfcd949c35a2",
                "sha256:77f396e6ef4c73fdc33a9157446466f1cff553d979bd00ecb64385760c6babdc",
                "sha256:819b3830a1543db06c4d4b865e70ded25be52a2e0631ccd2f6a47a2822f2fd7c",
                "sha256:897b80890765f037df3403d22bab41627ca8811ae55e9a722fd0392850ec4d86",
                "sha256:98c4d36e99714e55cfbaaee6dd5badbc9a1ec339ebfc3b1f52e293aee6bb71a4",
                "sha256:9df7ed3b3d2e0ecfe09e14741b857df43adb5a3ddadc919a2d94fbdf78fea53c",
                "sha256:9fa600030013c4de8165339db93d182b9431076eb98eb40ee068700c9c813e34",
                "sha256:a80a78046a72361de73f8f395f1f1e49f956c6be882eed58505a15f3e430962b",
                "sha256:b3d267842bf12586ba6c734f89d1f5b871df0273157918b0ccefa29deb05c21c",
                "sha256:b5b9eccad747aabaaffbc6064800670f0c297e52c12754eb1d976c57e4f74dcb",
                "sha256:c5687b8d43cf58545ade1fe3e055f70eac7a5a1a0bf42824308d868289a95737",
                "sha256:cba8c411ef271aa037d7357a2bc8f9ee8b58b9965831d9e51baf703280dc73d3",
                "sha256:d15a181d1ecd0d4270dc32edb46f7cb7733c7c508857278d3d378d14d606db2d",
                "sha256:d4db7c7aef085872ef65a8fd7d6d09a14ae91f691dec3e87ee5ee0539d516f53",
                "sha256:d4eccecf9adf6fbcc6861a38015c2a64f38b9d94838ac1810a9023a0609e1b78",
                "sha256:d67d839ede4ed1b28a4e8909735fc992a923cdb84e618544973d7dfc71540803",
                "sha256:daf496c58a8c52083df09b80c860005194014c3698698d1a57cbcfa182142a3a",
                "sha256:e61ceaab6f49fb8bdfaa0f92c4b57bcfbea54c09277b1b4f7ac376bfb7a7c174",
                "sha256:f84fbc98b019fef2ee9a1cb3ce93e3187a6df0b2538a651bfb890254ba9f90b5"
            ],
            "index": "pypi",
            "version": "==6.0"
        },
        "requests": {
            "hashes": [
                "sha256:6c1246513ecd5ecd4528a0906f910e8f0f9c6b8ec72030dc9fd154dc1a6efd24",
                "sha256:b8aa58f8cf793ffd8782d3d8cb19e66ef36f7aba4353eec859e74678b01b07a7"
            ],
            "index": "pypi",
            "version": "==2.26.0"
        },
        "requests-toolbelt": {
            "hashes": [
                "sha256:380606e1d10dc85c3bd47bf5a6095f815ec007be7a8b69c878507068df059e6f",
                "sha256:968089d4584ad4ad7c171454f0a5c6dac23971e9472521ea3b6d49d610aa6fc0"
            ],
            "version": "==0.9.1"
        },
        "sgmllib3k": {
            "hashes": [
                "sha256:7868fb1c8bfa764c1ac563d3cf369c381d1325d36124933a726f29fcdaa812e9"
            ],
            "version": "==1.0.0"
        },
        "six": {
            "hashes": [
                "sha256:1e61c37477a1626458e36f7b1d82aa5c9b094fa4802892072e49de9c60c4c926",
                "sha256:8abb2f1d86890a2dfb989f9a77cfcfd3e47c2a354b01111771326f8aa26e0254"
            ],
            "markers": "python_version >= '2.7' and python_version not in '3.0, 3.1, 3.2, 3.3'",
            "version": "==1.16.0"
        },
        "soupsieve": {
            "hashes": [
                "sha256:1a3cca2617c6b38c0343ed661b1fa5de5637f257d4fe22bd9f1338010a1efefb",
                "sha256:b8d49b1cd4f037c7082a9683dfa1801aa2597fb11c3a1155b7a5b94829b4f1f9"
            ],
            "markers": "python_version >= '3.6'",
            "version": "==2.3.1"
        },
        "urllib3": {
            "hashes": [
                "sha256:4987c65554f7a2dbf30c18fd48778ef124af6fab771a377103da0585e2336ece",
                "sha256:c4fdf4019605b6e5423637e01bc9fe4daef873709a7973e195ceba0a62bbc844"
            ],
            "markers": "python_version >= '2.7' and python_version not in '3.0, 3.1, 3.2, 3.3, 3.4' and python_version < '4'",
            "version": "==1.26.7"
        }
    },
    "develop": {}
}
