{
    "_meta": {
        "hash": {
            "sha256": "e55b35b6c216af4eed8f9aca6469bc6ad445e2bc207488d66d470844d3d7aae4"
        },
        "pipfile-spec": 6,
        "requires": {
            "python_version": "3"
        },
        "sources": [
            {
                "name": "pypi",
                "url": "https://pypi.org/simple",
                "verify_ssl": true
            }
        ]
    },
    "default": {
        "beautifulsoup4": {
            "hashes": [
                "sha256:577b9e1c36d2ada780d807c5622e889d43172466658c2eb239e97296965cdddb",
                "sha256:ac98f868e1cb8eb9932a61be75b4f7018a118a490e7fdb424a74a982430cfcbd"
            ],
            "index": "pypi",
            "version": "==4.11.0"
        },
        "bs4": {
            "hashes": [
                "sha256:36ecea1fd7cc5c0c6e4a1ff075df26d50da647b75376626cc186e2212886dd3a"
            ],
            "version": "==0.0.1"
        },
        "certifi": {
            "hashes": [
                "sha256:78884e7c1d4b00ce3cea67b44566851c4343c120abd683433ce934a68ea58872",
                "sha256:d62a0163eb4c2344ac042ab2bdf75399a71a2d8c7d47eac2e2ee91b9d6339569"
            ],
            "version": "==2021.10.8"
        },
        "chardet": {
            "hashes": [
                "sha256:0d6f53a15db4120f2b08c94f11e7d93d2c911ee118b6b30a04ec3ee8310179fa",
                "sha256:f864054d66fd9118f2e67044ac8981a54775ec5b67aed0441892edb553d21da5"
            ],
            "markers": "python_version >= '2.7' and python_version not in '3.0, 3.1, 3.2, 3.3, 3.4'",
            "version": "==4.0.0"
        },
        "charset-normalizer": {
            "hashes": [
                "sha256:2857e29ff0d34db842cd7ca3230549d1a697f96ee6d3fb071cfa6c7393832597",
                "sha256:6881edbebdb17b39b4eaaa821b438bf6eddffb4468cf344f09f89def34a8b1df"
            ],
            "markers": "python_version >= '3'",
            "version": "==2.0.12"
        },
        "demoji": {
            "hashes": [
                "sha256:072efaeca725e6f63ab59d83abeb55b178842538ed9256455a82ebbd055ff216",
                "sha256:6d3256c909aea299e97fe984f827a2a060c2a8f8bfcbafa7ec9659967c5df50f"
            ],
            "index": "pypi",
            "version": "==1.1.0"
        },
        "dnspython": {
            "hashes": [
                "sha256:0f7569a4a6ff151958b64304071d370daa3243d15941a7beedf0c9fe5105603e",
                "sha256:a851e51367fb93e9e1361732c1d60dab63eff98712e503ea7d92e6eccb109b4f"
            ],
            "index": "pypi",
            "version": "==2.2.1"
        },
        "feedparser": {
            "hashes": [
                "sha256:1b7f57841d9cf85074deb316ed2c795091a238adb79846bc46dccdaf80f9c59a",
                "sha256:5ce0410a05ab248c8c7cfca3a0ea2203968ee9ff4486067379af4827a59f9661"
            ],
            "index": "pypi",
            "version": "==6.0.8"
        },
        "html-telegraph-poster": {
            "hashes": [
                "sha256:7592f2e8227dddcc016028fd697381c267f6b717a7a0c24a18e479aab49af90a",
                "sha256:86a9803ff602e946a13c11c1b82682cc2548483f6b59c5f21cc5a58486149faa"
            ],
            "index": "pypi",
            "version": "==0.4.0"
        },
        "idna": {
            "hashes": [
                "sha256:84d9dd047ffa80596e0f246e2eab0b391788b0503584e8945f2368256d2735ff",
                "sha256:9d643ff0a55b762d5cdb124b8eaa99c66322e2157b69160bc32796e824360e6d"
            ],
            "markers": "python_version >= '3'",
            "version": "==3.3"
        },
        "install": {
            "hashes": [
                "sha256:0d3fadf4aa62c95efe8d34757c8507eb46177f86c016c21c6551eafc6a53d5a9",
                "sha256:e67c8a0be5ccf8cb4ffa17d090f3a61b6e820e6a7e21cd1d2c0f7bc59b18e647"
            ],
            "index": "pypi",
            "version": "==1.3.5"
        },
        "jinja2": {
            "hashes": [
                "sha256:539835f51a74a69f41b848a9645dbdc35b4f20a3b601e2d9a7e22947b15ff119",
                "sha256:640bed4bb501cbd17194b3cace1dc2126f5b619cf068a726b98192a0fde74ae9"
            ],
            "index": "pypi",
            "version": "==3.1.1"
        },
        "lxml": {
            "hashes": [
                "sha256:078306d19a33920004addeb5f4630781aaeabb6a8d01398045fcde085091a169",
                "sha256:0c1978ff1fd81ed9dcbba4f91cf09faf1f8082c9d72eb122e92294716c605428",
                "sha256:1010042bfcac2b2dc6098260a2ed022968dbdfaf285fc65a3acf8e4eb1ffd1bc",
                "sha256:1d650812b52d98679ed6c6b3b55cbb8fe5a5460a0aef29aeb08dc0b44577df85",
                "sha256:20b8a746a026017acf07da39fdb10aa80ad9877046c9182442bf80c84a1c4696",
                "sha256:2403a6d6fb61c285969b71f4a3527873fe93fd0abe0832d858a17fe68c8fa507",
                "sha256:24f5c5ae618395ed871b3d8ebfcbb36e3f1091fd847bf54c4de623f9107942f3",
                "sha256:28d1af847786f68bec57961f31221125c29d6f52d9187c01cd34dc14e2b29430",
                "sha256:31499847fc5f73ee17dbe1b8e24c6dafc4e8d5b48803d17d22988976b0171f03",
                "sha256:31ba2cbc64516dcdd6c24418daa7abff989ddf3ba6d3ea6f6ce6f2ed6e754ec9",
                "sha256:330bff92c26d4aee79c5bc4d9967858bdbe73fdbdbacb5daf623a03a914fe05b",
                "sha256:5045ee1ccd45a89c4daec1160217d363fcd23811e26734688007c26f28c9e9e7",
                "sha256:52cbf2ff155b19dc4d4100f7442f6a697938bf4493f8d3b0c51d45568d5666b5",
                "sha256:530f278849031b0eb12f46cca0e5db01cfe5177ab13bd6878c6e739319bae654",
                "sha256:545bd39c9481f2e3f2727c78c169425efbfb3fbba6e7db4f46a80ebb249819ca",
                "sha256:5804e04feb4e61babf3911c2a974a5b86f66ee227cc5006230b00ac6d285b3a9",
                "sha256:5a58d0b12f5053e270510bf12f753a76aaf3d74c453c00942ed7d2c804ca845c",
                "sha256:5f148b0c6133fb928503cfcdfdba395010f997aa44bcf6474fcdd0c5398d9b63",
                "sha256:5f7d7d9afc7b293147e2d506a4596641d60181a35279ef3aa5778d0d9d9123fe",
                "sha256:60d2f60bd5a2a979df28ab309352cdcf8181bda0cca4529769a945f09aba06f9",
                "sha256:6259b511b0f2527e6d55ad87acc1c07b3cbffc3d5e050d7e7bcfa151b8202df9",
                "sha256:6268e27873a3d191849204d00d03f65c0e343b3bcb518a6eaae05677c95621d1",
                "sha256:627e79894770783c129cc5e89b947e52aa26e8e0557c7e205368a809da4b7939",
                "sha256:62f93eac69ec0f4be98d1b96f4d6b964855b8255c345c17ff12c20b93f247b68",
                "sha256:6d6483b1229470e1d8835e52e0ff3c6973b9b97b24cd1c116dca90b57a2cc613",
                "sha256:6f7b82934c08e28a2d537d870293236b1000d94d0b4583825ab9649aef7ddf63",
                "sha256:6fe4ef4402df0250b75ba876c3795510d782def5c1e63890bde02d622570d39e",
                "sha256:719544565c2937c21a6f76d520e6e52b726d132815adb3447ccffbe9f44203c4",
                "sha256:730766072fd5dcb219dd2b95c4c49752a54f00157f322bc6d71f7d2a31fecd79",
                "sha256:74eb65ec61e3c7c019d7169387d1b6ffcfea1b9ec5894d116a9a903636e4a0b1",
                "sha256:7993232bd4044392c47779a3c7e8889fea6883be46281d45a81451acfd704d7e",
                "sha256:80bbaddf2baab7e6de4bc47405e34948e694a9efe0861c61cdc23aa774fcb141",
                "sha256:86545e351e879d0b72b620db6a3b96346921fa87b3d366d6c074e5a9a0b8dadb",
                "sha256:891dc8f522d7059ff0024cd3ae79fd224752676447f9c678f2a5c14b84d9a939",
                "sha256:8a31f24e2a0b6317f33aafbb2f0895c0bce772980ae60c2c640d82caac49628a",
                "sha256:8b99ec73073b37f9ebe8caf399001848fced9c08064effdbfc4da2b5a8d07b93",
                "sha256:986b7a96228c9b4942ec420eff37556c5777bfba6758edcb95421e4a614b57f9",
                "sha256:a1547ff4b8a833511eeaceacbcd17b043214fcdb385148f9c1bc5556ca9623e2",
                "sha256:a2bfc7e2a0601b475477c954bf167dee6d0f55cb167e3f3e7cefad906e7759f6",
                "sha256:a3c5f1a719aa11866ffc530d54ad965063a8cbbecae6515acbd5f0fae8f48eaa",
                "sha256:a9f1c3489736ff8e1c7652e9dc39f80cff820f23624f23d9eab6e122ac99b150",
                "sha256:aa0cf4922da7a3c905d000b35065df6184c0dc1d866dd3b86fd961905bbad2ea",
                "sha256:ad4332a532e2d5acb231a2e5d33f943750091ee435daffca3fec0a53224e7e33",
                "sha256:b2582b238e1658c4061ebe1b4df53c435190d22457642377fd0cb30685cdfb76",
                "sha256:b6fc2e2fb6f532cf48b5fed57567ef286addcef38c28874458a41b7837a57807",
                "sha256:b92d40121dcbd74831b690a75533da703750f7041b4bf951befc657c37e5695a",
                "sha256:bbab6faf6568484707acc052f4dfc3802bdb0cafe079383fbaa23f1cdae9ecd4",
                "sha256:c0b88ed1ae66777a798dc54f627e32d3b81c8009967c63993c450ee4cbcbec15",
                "sha256:ce13d6291a5f47c1c8dbd375baa78551053bc6b5e5c0e9bb8e39c0a8359fd52f",
                "sha256:db3535733f59e5605a88a706824dfcb9bd06725e709ecb017e165fc1d6e7d429",
                "sha256:dd10383f1d6b7edf247d0960a3db274c07e96cf3a3fc7c41c8448f93eac3fb1c",
                "sha256:e01f9531ba5420838c801c21c1b0f45dbc9607cb22ea2cf132844453bec863a5",
                "sha256:e11527dc23d5ef44d76fef11213215c34f36af1608074561fcc561d983aeb870",
                "sha256:e1ab2fac607842ac36864e358c42feb0960ae62c34aa4caaf12ada0a1fb5d99b",
                "sha256:e1fd7d2fe11f1cb63d3336d147c852f6d07de0d0020d704c6031b46a30b02ca8",
                "sha256:e9f84ed9f4d50b74fbc77298ee5c870f67cb7e91dcdc1a6915cb1ff6a317476c",
                "sha256:ec4b4e75fc68da9dc0ed73dcdb431c25c57775383fec325d23a770a64e7ebc87",
                "sha256:f10ce66fcdeb3543df51d423ede7e238be98412232fca5daec3e54bcd16b8da0",
                "sha256:f63f62fc60e6228a4ca9abae28228f35e1bd3ce675013d1dfb828688d50c6e23",
                "sha256:fa56bb08b3dd8eac3a8c5b7d075c94e74f755fd9d8a04543ae8d37b1612dd170",
                "sha256:fa9b7c450be85bfc6cd39f6df8c5b8cbd76b5d6fc1f69efec80203f9894b885f"
            ],
            "markers": "python_version >= '2.7' and python_version not in '3.0, 3.1, 3.2, 3.3, 3.4'",
            "version": "==4.8.0"
        },
        "markupsafe": {
            "hashes": [
                "sha256:0212a68688482dc52b2d45013df70d169f542b7394fc744c02a57374a4207003",
                "sha256:089cf3dbf0cd6c100f02945abeb18484bd1ee57a079aefd52cffd17fba910b88",
                "sha256:10c1bfff05d95783da83491be968e8fe789263689c02724e0c691933c52994f5",
                "sha256:33b74d289bd2f5e527beadcaa3f401e0df0a89927c1559c8566c066fa4248ab7",
                "sha256:3799351e2336dc91ea70b034983ee71cf2f9533cdff7c14c90ea126bfd95d65a",
                "sha256:3ce11ee3f23f79dbd06fb3d63e2f6af7b12db1d46932fe7bd8afa259a5996603",
                "sha256:421be9fbf0ffe9ffd7a378aafebbf6f4602d564d34be190fc19a193232fd12b1",
                "sha256:43093fb83d8343aac0b1baa75516da6092f58f41200907ef92448ecab8825135",
                "sha256:46d00d6cfecdde84d40e572d63735ef81423ad31184100411e6e3388d405e247",
                "sha256:4a33dea2b688b3190ee12bd7cfa29d39c9ed176bda40bfa11099a3ce5d3a7ac6",
                "sha256:4b9fe39a2ccc108a4accc2676e77da025ce383c108593d65cc909add5c3bd601",
                "sha256:56442863ed2b06d19c37f94d999035e15ee982988920e12a5b4ba29b62ad1f77",
                "sha256:671cd1187ed5e62818414afe79ed29da836dde67166a9fac6d435873c44fdd02",
                "sha256:694deca8d702d5db21ec83983ce0bb4b26a578e71fbdbd4fdcd387daa90e4d5e",
                "sha256:6a074d34ee7a5ce3effbc526b7083ec9731bb3cbf921bbe1d3005d4d2bdb3a63",
                "sha256:6d0072fea50feec76a4c418096652f2c3238eaa014b2f94aeb1d56a66b41403f",
                "sha256:6fbf47b5d3728c6aea2abb0589b5d30459e369baa772e0f37a0320185e87c980",
                "sha256:7f91197cc9e48f989d12e4e6fbc46495c446636dfc81b9ccf50bb0ec74b91d4b",
                "sha256:86b1f75c4e7c2ac2ccdaec2b9022845dbb81880ca318bb7a0a01fbf7813e3812",
                "sha256:8dc1c72a69aa7e082593c4a203dcf94ddb74bb5c8a731e4e1eb68d031e8498ff",
                "sha256:8e3dcf21f367459434c18e71b2a9532d96547aef8a871872a5bd69a715c15f96",
                "sha256:8e576a51ad59e4bfaac456023a78f6b5e6e7651dcd383bcc3e18d06f9b55d6d1",
                "sha256:96e37a3dc86e80bf81758c152fe66dbf60ed5eca3d26305edf01892257049925",
                "sha256:97a68e6ada378df82bc9f16b800ab77cbf4b2fada0081794318520138c088e4a",
                "sha256:99a2a507ed3ac881b975a2976d59f38c19386d128e7a9a18b7df6fff1fd4c1d6",
                "sha256:a49907dd8420c5685cfa064a1335b6754b74541bbb3706c259c02ed65b644b3e",
                "sha256:b09bf97215625a311f669476f44b8b318b075847b49316d3e28c08e41a7a573f",
                "sha256:b7bd98b796e2b6553da7225aeb61f447f80a1ca64f41d83612e6139ca5213aa4",
                "sha256:b87db4360013327109564f0e591bd2a3b318547bcef31b468a92ee504d07ae4f",
                "sha256:bcb3ed405ed3222f9904899563d6fc492ff75cce56cba05e32eff40e6acbeaa3",
                "sha256:d4306c36ca495956b6d568d276ac11fdd9c30a36f1b6eb928070dc5360b22e1c",
                "sha256:d5ee4f386140395a2c818d149221149c54849dfcfcb9f1debfe07a8b8bd63f9a",
                "sha256:dda30ba7e87fbbb7eab1ec9f58678558fd9a6b8b853530e176eabd064da81417",
                "sha256:e04e26803c9c3851c931eac40c695602c6295b8d432cbe78609649ad9bd2da8a",
                "sha256:e1c0b87e09fa55a220f058d1d49d3fb8df88fbfab58558f1198e08c1e1de842a",
                "sha256:e72591e9ecd94d7feb70c1cbd7be7b3ebea3f548870aa91e2732960fa4d57a37",
                "sha256:e8c843bbcda3a2f1e3c2ab25913c80a3c5376cd00c6e8c4a86a89a28c8dc5452",
                "sha256:efc1913fd2ca4f334418481c7e595c00aad186563bbc1ec76067848c7ca0a933",
                "sha256:f121a1420d4e173a5d96e47e9a0c0dcff965afdf1626d28de1460815f7c4ee7a",
                "sha256:fc7b548b17d238737688817ab67deebb30e8073c95749d55538ed473130ec0c7"
            ],
            "markers": "python_version >= '3.7'",
            "version": "==2.1.1"
        },
        "morss": {
            "editable": true,
            "git": "https://github.com/pictuga/morss",
            "ref": "f9d7794bcca38ebfa9b04042ab9259efb694a377"
        },
        "pymongo": {
            "hashes": [
                "sha256:045408d04228987b1d4921ff6dfc3a5431cc6067400833a8bbdd050248d1e01b",
                "sha256:0d218cb7f8828151909a8ca8365304968dd136cd4a178951a49766e35878f0bf",
                "sha256:0dc85be60495a18714f3807266f5e88ad3a517e096be5ac3e0560a3fc1429031",
                "sha256:177f751577109dca799746190fc261af5fc4538af60a297d772370c015475295",
                "sha256:1b7091ac8ca82c03e471b0c9482484b2e11c26fe13b6759534ca213c11eb13a5",
                "sha256:238541f6defbfea8725c5c30af13dcf9800c7f683bba2dde6c4b1a908f5da331",
                "sha256:2c8ab15928468ddae7a9fb474420a68c59a5e304910e5b3ba6bf66bd79f55e73",
                "sha256:2cb0148f197891cce964b53192225eee7ffac61ae39311c3447592eee4474b98",
                "sha256:2e22273a601d64dbb858ab39d66cf777b07f1b3df32db5f8802fa4020870e8a5",
                "sha256:31e8713bfd1c68bada3c1b32101748204192286566e4ea7f720163193efcb497",
                "sha256:3291394a77addc70afda8615c29509fd32d870641f95c4411ce3ce2b84a52a24",
                "sha256:3982bdef9f111ad3bf803629e02a3369d8b120c7fdd2477cbfeb1718799fe28a",
                "sha256:3b38723daca6d8e97593a9eba75d55753b23b0f45f97a54c61739b3fb95ab64d",
                "sha256:3e6929153273d5239ac63faa70486837ba51eedf58f1e8f9b7b9ab7ec8add1c3",
                "sha256:44449e3c49d7a5d0fd9915c3e28119f28e62ed912379a973cd359c99ba73a6c2",
                "sha256:4a37b574243b727f12cdc3e2721238dfe891ef8642d78ab93be3a8fee60e5420",
                "sha256:5223abea94bbf502e5fbc2c7c2f34c7d82b3feb6f3a25d7d2b01869a8c814539",
                "sha256:5229009e64b1b2d6281108c8596ae349b677be0d7087ad1e258aefd4f1a2d27f",
                "sha256:52f636c67f8aab3b9736e4f2e1f366cb96f28f6a00baebe0885a919830866130",
                "sha256:53e598ee484e5fc7629c9b222c0f0c7204e8c54428cdcfd94b3a851eeee28061",
                "sha256:5973b16f82c4ff64be8dfca703920c33eb70fa0e450b06fcaf045bb0b78777ed",
                "sha256:5a1c8e81d4090113a13d7ef95d9f77f3ab518d039cbfdaff408c37911acaba41",
                "sha256:5bec39cbfb9367884d67a866f10c4662d8a018a9f85ae84a1e16031a6a00f6d3",
                "sha256:60c43e6aa02c7bdfb7b99de8c1c656e14b42ea543e1cf2dbd721a272e3b8283d",
                "sha256:6238448e77b112e90e653f20ada0c9377e4ac5d4174c9007c2d898fcddd1630c",
                "sha256:64cdc72149ee345caa36705f161615b98adfd5c7f3200d1f87a52c87d3d4252e",
                "sha256:69805e3ef5e80b37d578f55f898df7824d2a6287bfd63a7694d6ededb8aaa0ab",
                "sha256:6f8b007eb7fc702806e0e50c0d723fbd086505be30baaed236df88d9e735d03c",
                "sha256:7354c272eaf249581ee5278d8cddd03c86daa3bf25bec0eb1a281951db72034b",
                "sha256:74bf7085e69271fe30b98492258b9a3723046e7a1a7f4d16de3df528e1cfb7ff",
                "sha256:77037e37b33e93aa3f3998cd81d8256cd4c59eea79802601b3efbc0600f6618c",
                "sha256:774d1b6a7cd1bbd34846cd3301a01dd4eb2ffe0bf19ebd7da79f381207713d86",
                "sha256:7e4b3a51102a3d62fbc419470fde4d1d9744963c7235573eba4cd13c73211d68",
                "sha256:7edbff4630058ad185cd520bbad0e528f544101e8bfa23cfd7f131031d6a81b0",
                "sha256:83ec44c587afd8c0d4582364d5379b560bfade5f3a560d089cc14c8d79e1295f",
                "sha256:8832b9424346c97aefd15d9c264e7f51e5b04835a57f25962cdb59f7ebd60def",
                "sha256:8f2ac2c26b04936aa1fe6bf1ff9ff68398eda38c8ef045040174f7e64d2f7147",
                "sha256:92b0dbc877721da8e77a8db0dfb0a9e09800d5080dc82e9e8494188b294cb263",
                "sha256:949aaba1ad973941e9a8dd91607e474e9ce4746dac4679d05d0115bbe2eabc53",
                "sha256:965fce3efdedaf80380a839566b04592d29c2b82100cb0fcfe2f0ecc9f2ce242",
                "sha256:9dea8843b6d99edd6499160ec66c3772284e68d272101f356adadcb3b973287a",
                "sha256:9e00894f1edaa85dff7d33d8a6df7d8eab04d8783c04c0654e0ec4b89bba3ae8",
                "sha256:a057f9bc3a625142f768c4eba2c5b2dd0fde7504c655b92864fe2a2952ea6786",
                "sha256:a13d1c6658059171a6a4f6c0a6883a15f4edbddd602759b7664ef1d155a27c5e",
                "sha256:a701533c5a24f02a5735f60ea6fb723fa8c3319aad17d6062546481e4fa617c3",
                "sha256:a8bd81e729ec5a5f333a930e157e37f3f1d2c5bcd7276080d3f5c0b9bcb49599",
                "sha256:b5232fa63d29c6748d1d379e6338430f5dcaa87c0c1abca02d9ca40a9af004d1",
                "sha256:b58bf8b4053260ce5a4847f10f607107f8b5d33ffa0d2d18b5fbaa6cf9acc994",
                "sha256:b74e8784c810b8c9b1fdd511581fff085699e564707c4d696d00000d92b7e2a5",
                "sha256:bd5d76ec106056ebe2cef9d5e4b7763572a90d14b97edaab25a93d6014cd327c",
                "sha256:be8d65ff7768821d41d76e3d65a69fe25acd2080f9551306ea5598b2c308663d",
                "sha256:c3fe1f1750afd3024dc7fdcdc730162df013f311038aa5d198f4624fa4df9c0e",
                "sha256:c42c987b5854ea3c5a74009a905529c5045eb2a44fec793f8055e7a65f4b205e",
                "sha256:c476103e685c80f5d59b06daf25c25c9afd1b8f102c24be8eb27f91b38e21e5b",
                "sha256:c58cda2e1347b087c169e6fdbe184a273522214c7e9607b7d66accee119d552a",
                "sha256:c5bf1efc65eba07aa564e22c20cacb8b38463286405ef0976a6ff23cd78a9cea",
                "sha256:c67e29a22a1e27f5a59065792a32fee8dab9d9f716fac34041be8c55b22c93f1",
                "sha256:cafafee3c806c44762c4b0a8119d147de742f82eb6dd12c6dabe868f38b751d9",
                "sha256:d152e91d298a276f53864b42d24f170dac0dc4ce0777ac5a06557820ea0a8f64",
                "sha256:d241ab2d22eb0fdec26a8f1135320d711c300aa961c3fea07ca9675833bff46d",
                "sha256:d69f6a20923a37ac724d945e037262a18ba3a6a6fdda4cf893cbbe7a597cbfab",
                "sha256:dbba77bc0b706c7ee496fc75a6c6ed406d85f6091d5fec488a8944c3828e6462",
                "sha256:dbdc1f8ccb94d46ca1e92c31d2fa1df88ec2015237f537b1dad19d05de9ccf24",
                "sha256:de7972a622b3cf48181ff1411e9a854b31988d5f283bb693f7413a56d1b9491c",
                "sha256:e20c4100a15a4359aa29aeae84b68281c72456a6ada05f02830c3214aa616189",
                "sha256:e3302b083ae954971c1293321c2c4d8cef53113083675b454feebd825fea1f75",
                "sha256:e3aaffdac7456a5d2b759c129dc6d9f6d995d293e3aa9fafc810943782ca2559",
                "sha256:e7986e293b02b4ac23694527cc23f14218b1287896227348fc83d52ff10c308c",
                "sha256:e8e7baa22760a2b694ce5e5d33bc68c080ad00019125564e1c2450846e26fa55",
                "sha256:eac112595ea1e8e4320dfc37e58d55f7937ed837bba7054cadd7e4578e9d275b",
                "sha256:ecf19131972dad04e1254516f35d9e43d97929f282c7e3ad50eb313f80aae2cc",
                "sha256:ed68e9b94bda394c5100cbc5efbf95340392794a1c56ccbab498c829fae56830",
                "sha256:edf39f13633f5c429dcb4dc6db53916a702a8b9e5a3d277d72180a141030e3f8",
                "sha256:f17e37e2e4fa3f68fcff2cc4e70fca1d3e2a938097133281084c28f382f9798b",
                "sha256:f1a173deee5152c235b9d47fabcd85b2d8ef7f36f7c091bffcb37433168a82db",
                "sha256:f2f7aedae4d938e0fe824e2d2d392f633d728e9ff36d5614879d64272783a67c",
                "sha256:f36dac80c71e97583309408db2ae243f20e3fd2b25a86381e63434772aad6214",
                "sha256:f479ca915db27ef719369090645c24fcca0b16e7ff1a929b94137aa8a9bb84cf",
                "sha256:f843732762cce0cff996148da2eaf8855fd739ba90bc4a322f9c2f6d31d010b3",
                "sha256:f9f64e25deec05ce224a4b9ebee087b04d9fcc24c2df1ecea91eb1a2ff9608a6",
                "sha256:fc5d6f9807d7dcc3d554672551c5982c7f68e317a8d79e66c33d3aa53a6044d1",
                "sha256:fcce0e4da390db121eedb4867b84ecc38e57f2d6be5dfd9b2dee5ce69c65b9da",
                "sha256:fd7e75547ec10e6aa1729e65fdf992c63652e4ed8d3c0bb66da19fc892c21e2c"
            ],
            "index": "pypi",
            "version": "==4.1.0"
        },
        "pymysql": {
            "hashes": [
                "sha256:41fc3a0c5013d5f039639442321185532e3e2c8924687abe6537de157d403641",
                "sha256:816927a350f38d56072aeca5dfb10221fe1dc653745853d30a216637f5d7ad36"
            ],
            "markers": "python_version >= '3.6'",
            "version": "==1.0.2"
        },
        "python-dateutil": {
            "hashes": [
                "sha256:0123cacc1627ae19ddf3c27a5de5bd67ee4586fbdd6440d9748f8abb483d3e86",
                "sha256:961d03dc3453ebbc59dbdea9e4e11c5651520a876d0f4db161e8674aae935da9"
            ],
            "markers": "python_version >= '2.7' and python_version not in '3.0, 3.1, 3.2, 3.3'",
            "version": "==2.8.2"
        },
        "pyyaml": {
            "hashes": [
                "sha256:0283c35a6a9fbf047493e3a0ce8d79ef5030852c51e9d911a27badfde0605293",
                "sha256:055d937d65826939cb044fc8c9b08889e8c743fdc6a32b33e2390f66013e449b",
                "sha256:07751360502caac1c067a8132d150cf3d61339af5691fe9e87803040dbc5db57",
                "sha256:0b4624f379dab24d3725ffde76559cff63d9ec94e1736b556dacdfebe5ab6d4b",
                "sha256:0ce82d761c532fe4ec3f87fc45688bdd3a4c1dc5e0b4a19814b9009a29baefd4",
                "sha256:1e4747bc279b4f613a09eb64bba2ba602d8a6664c6ce6396a4d0cd413a50ce07",
                "sha256:213c60cd50106436cc818accf5baa1aba61c0189ff610f64f4a3e8c6726218ba",
                "sha256:231710d57adfd809ef5d34183b8ed1eeae3f76459c18fb4a0b373ad56bedcdd9",
                "sha256:277a0ef2981ca40581a47093e9e2d13b3f1fbbeffae064c1d21bfceba2030287",
                "sha256:2cd5df3de48857ed0544b34e2d40e9fac445930039f3cfe4bcc592a1f836d513",
                "sha256:40527857252b61eacd1d9af500c3337ba8deb8fc298940291486c465c8b46ec0",
                "sha256:473f9edb243cb1935ab5a084eb238d842fb8f404ed2193a915d1784b5a6b5fc0",
                "sha256:48c346915c114f5fdb3ead70312bd042a953a8ce5c7106d5bfb1a5254e47da92",
                "sha256:50602afada6d6cbfad699b0c7bb50d5ccffa7e46a3d738092afddc1f9758427f",
                "sha256:68fb519c14306fec9720a2a5b45bc9f0c8d1b9c72adf45c37baedfcd949c35a2",
                "sha256:77f396e6ef4c73fdc33a9157446466f1cff553d979bd00ecb64385760c6babdc",
                "sha256:819b3830a1543db06c4d4b865e70ded25be52a2e0631ccd2f6a47a2822f2fd7c",
                "sha256:897b80890765f037df3403d22bab41627ca8811ae55e9a722fd0392850ec4d86",
                "sha256:98c4d36e99714e55cfbaaee6dd5badbc9a1ec339ebfc3b1f52e293aee6bb71a4",
                "sha256:9df7ed3b3d2e0ecfe09e14741b857df43adb5a3ddadc919a2d94fbdf78fea53c",
                "sha256:9fa600030013c4de8165339db93d182b9431076eb98eb40ee068700c9c813e34",
                "sha256:a80a78046a72361de73f8f395f1f1e49f956c6be882eed58505a15f3e430962b",
                "sha256:b3d267842bf12586ba6c734f89d1f5b871df0273157918b0ccefa29deb05c21c",
                "sha256:b5b9eccad747aabaaffbc6064800670f0c297e52c12754eb1d976c57e4f74dcb",
                "sha256:c5687b8d43cf58545ade1fe3e055f70eac7a5a1a0bf42824308d868289a95737",
                "sha256:cba8c411ef271aa037d7357a2bc8f9ee8b58b9965831d9e51baf703280dc73d3",
                "sha256:d15a181d1ecd0d4270dc32edb46f7cb7733c7c508857278d3d378d14d606db2d",
                "sha256:d4db7c7aef085872ef65a8fd7d6d09a14ae91f691dec3e87ee5ee0539d516f53",
                "sha256:d4eccecf9adf6fbcc6861a38015c2a64f38b9d94838ac1810a9023a0609e1b78",
                "sha256:d67d839ede4ed1b28a4e8909735fc992a923cdb84e618544973d7dfc71540803",
                "sha256:daf496c58a8c52083df09b80c860005194014c3698698d1a57cbcfa182142a3a",
                "sha256:e61ceaab6f49fb8bdfaa0f92c4b57bcfbea54c09277b1b4f7ac376bfb7a7c174",
                "sha256:f84fbc98b019fef2ee9a1cb3ce93e3187a6df0b2538a651bfb890254ba9f90b5"
            ],
            "index": "pypi",
            "version": "==6.0"
        },
        "requests": {
            "hashes": [
                "sha256:68d7c56fd5a8999887728ef304a6d12edc7be74f1cfa47714fc8b414525c9a61",
                "sha256:f22fa1e554c9ddfd16e6e41ac79759e17be9e492b3587efa038054674760e72d"
            ],
            "index": "pypi",
            "version": "==2.27.1"
        },
        "requests-toolbelt": {
            "hashes": [
                "sha256:380606e1d10dc85c3bd47bf5a6095f815ec007be7a8b69c878507068df059e6f",
                "sha256:968089d4584ad4ad7c171454f0a5c6dac23971e9472521ea3b6d49d610aa6fc0"
            ],
            "version": "==0.9.1"
        },
        "sgmllib3k": {
            "hashes": [
                "sha256:7868fb1c8bfa764c1ac563d3cf369c381d1325d36124933a726f29fcdaa812e9"
            ],
            "version": "==1.0.0"
        },
        "six": {
            "hashes": [
                "sha256:1e61c37477a1626458e36f7b1d82aa5c9b094fa4802892072e49de9c60c4c926",
                "sha256:8abb2f1d86890a2dfb989f9a77cfcfd3e47c2a354b01111771326f8aa26e0254"
            ],
            "markers": "python_version >= '2.7' and python_version not in '3.0, 3.1, 3.2, 3.3'",
            "version": "==1.16.0"
        },
        "soupsieve": {
            "hashes": [
                "sha256:0bcc6d7432153063e3df09c3ac9442af3eba488715bfcad6a4c38ccb2a523124",
                "sha256:a714129d3021ec17ce5be346b1007300558b378332c289a1a20e7d4de6ff18a5"
            ],
            "markers": "python_version >= '3.6'",
            "version": "==2.3.2"
        },
        "urllib3": {
            "hashes": [
                "sha256:44ece4d53fb1706f667c9bd1c648f5469a2ec925fcf3a776667042d645472c14",
                "sha256:aabaf16477806a5e1dd19aa41f8c2b7950dd3c746362d7e3223dbe6de6ac448e"
            ],
            "markers": "python_version >= '2.7' and python_version not in '3.0, 3.1, 3.2, 3.3, 3.4' and python_version < '4.0'",
            "version": "==1.26.9"
        }
    },
    "develop": {}
}
